
Microsoft Visual Studio Solution File, Format Version 12.00
# Visual Studio Version 16
VisualStudioVersion = 16.0.31005.135
MinimumVisualStudioVersion = 10.0.40219.1
Project("{9A19103F-16F7-4668-BE54-9A1E7A4F7556}") = "CollegeMatchWebservice", "CollegeMatchWebservice\CollegeMatchWebservice.csproj", "{29121690-247E-4D8C-B81F-BA5DDD6CF58B}"
EndProject
Project("{9A19103F-16F7-4668-BE54-9A1E7A4F7556}") = "CollegeDataService", "DataService\CollegeDataService.csproj", "{784FB4F8-8105-4787-B3CA-40058424C15A}"
EndProject
Global
	GlobalSection(SolutionConfigurationPlatforms) = preSolution
		Debug|Any CPU = Debug|Any CPU
		Release|Any CPU = Release|Any CPU
	EndGlobalSection
	GlobalSection(ProjectConfigurationPlatforms) = postSolution
		{29121690-247E-4D8C-B81F-BA5DDD6CF58B}.Debug|Any CPU.ActiveCfg = Debug|Any CPU
		{29121690-247E-4D8C-B81F-BA5DDD6CF58B}.Debug|Any CPU.Build.0 = Debug|Any CPU
		{29121690-247E-4D8C-B81F-BA5DDD6CF58B}.Release|Any CPU.ActiveCfg = Release|Any CPU
		{29121690-247E-4D8C-B81F-BA5DDD6CF58B}.Release|Any CPU.Build.0 = Release|Any CPU
		{784FB4F8-8105-4787-B3CA-40058424C15A}.Debug|Any CPU.ActiveCfg = Debug|Any CPU
		{784FB4F8-8105-4787-B3CA-40058424C15A}.Debug|Any CPU.Build.0 = Debug|Any CPU
		{784FB4F8-8105-4787-B3CA-40058424C15A}.Release|Any CPU.ActiveCfg = Release|Any CPU
		{784FB4F8-8105-4787-B3CA-40058424C15A}.Release|Any CPU.Build.0 = Release|Any CPU
	EndGlobalSection
	GlobalSection(SolutionProperties) = preSolution
		HideSolutionNode = FALSE
	EndGlobalSection
	GlobalSection(ExtensibilityGlobals) = postSolution
		SolutionGuid = {5A576A62-EFBD-470D-A80C-6A2513581806}
	EndGlobalSection
EndGlobal
